
Microsoft Visual Studio Solution File, Format Version 12.00
# Visual Studio Version 17
VisualStudioVersion = 17.7.34031.279
MinimumVisualStudioVersion = 10.0.40219.1
Project("{9A19103F-16F7-4668-BE54-9A1E7A4F7556}") = "ChallengeApp_v2", "ChallengeApp_v2\ChallengeApp_v2.csproj", "{E27C636C-4031-46FC-9148-485FB7F6E1C9}"
EndProject
Project("{9A19103F-16F7-4668-BE54-9A1E7A4F7556}") = "Tablice", "Tablice\Tablice.csproj", "{076DDB03-773A-4514-8506-F4E9FA737F16}"
EndProject
Project("{9A19103F-16F7-4668-BE54-9A1E7A4F7556}") = "Dzień 5 - zadanie domowe", "Dzień 5 - zadanie domowe\Dzień 5 - zadanie domowe.csproj", "{EE6CDD50-3BF9-402C-9B0E-183479A27451}"
EndProject
Project("{9A19103F-16F7-4668-BE54-9A1E7A4F7556}") = "Dzień 6 - lekcje", "Dzień 6 - lekcje\Dzień 6 - lekcje.csproj", "{0B015E8D-1836-4D97-AC6E-EACC9516F55B}"
EndProject
Project("{FAE04EC0-301F-11D3-BF4B-00C04F79EFBC}") = "Dzien 6 - zadanie domowe", "Dzien 6 - zadanie domowe\Dzien 6 - zadanie domowe.csproj", "{C3C81056-3121-40C7-8179-BA7E4B91358A}"
EndProject
Global
	GlobalSection(SolutionConfigurationPlatforms) = preSolution
		Debug|Any CPU = Debug|Any CPU
		Release|Any CPU = Release|Any CPU
	EndGlobalSection
	GlobalSection(ProjectConfigurationPlatforms) = postSolution
		{E27C636C-4031-46FC-9148-485FB7F6E1C9}.Debug|Any CPU.ActiveCfg = Debug|Any CPU
		{E27C636C-4031-46FC-9148-485FB7F6E1C9}.Debug|Any CPU.Build.0 = Debug|Any CPU
		{E27C636C-4031-46FC-9148-485FB7F6E1C9}.Release|Any CPU.ActiveCfg = Release|Any CPU
		{E27C636C-4031-46FC-9148-485FB7F6E1C9}.Release|Any CPU.Build.0 = Release|Any CPU
		{076DDB03-773A-4514-8506-F4E9FA737F16}.Debug|Any CPU.ActiveCfg = Debug|Any CPU
		{076DDB03-773A-4514-8506-F4E9FA737F16}.Debug|Any CPU.Build.0 = Debug|Any CPU
		{076DDB03-773A-4514-8506-F4E9FA737F16}.Release|Any CPU.ActiveCfg = Release|Any CPU
		{076DDB03-773A-4514-8506-F4E9FA737F16}.Release|Any CPU.Build.0 = Release|Any CPU
		{EE6CDD50-3BF9-402C-9B0E-183479A27451}.Debug|Any CPU.ActiveCfg = Debug|Any CPU
		{EE6CDD50-3BF9-402C-9B0E-183479A27451}.Debug|Any CPU.Build.0 = Debug|Any CPU
		{EE6CDD50-3BF9-402C-9B0E-183479A27451}.Release|Any CPU.ActiveCfg = Release|Any CPU
		{EE6CDD50-3BF9-402C-9B0E-183479A27451}.Release|Any CPU.Build.0 = Release|Any CPU
		{0B015E8D-1836-4D97-AC6E-EACC9516F55B}.Debug|Any CPU.ActiveCfg = Debug|Any CPU
		{0B015E8D-1836-4D97-AC6E-EACC9516F55B}.Debug|Any CPU.Build.0 = Debug|Any CPU
		{0B015E8D-1836-4D97-AC6E-EACC9516F55B}.Release|Any CPU.ActiveCfg = Release|Any CPU
		{0B015E8D-1836-4D97-AC6E-EACC9516F55B}.Release|Any CPU.Build.0 = Release|Any CPU
		{C3C81056-3121-40C7-8179-BA7E4B91358A}.Debug|Any CPU.ActiveCfg = Debug|Any CPU
		{C3C81056-3121-40C7-8179-BA7E4B91358A}.Debug|Any CPU.Build.0 = Debug|Any CPU
		{C3C81056-3121-40C7-8179-BA7E4B91358A}.Release|Any CPU.ActiveCfg = Release|Any CPU
		{C3C81056-3121-40C7-8179-BA7E4B91358A}.Release|Any CPU.Build.0 = Release|Any CPU
	EndGlobalSection
	GlobalSection(SolutionProperties) = preSolution
		HideSolutionNode = FALSE
	EndGlobalSection
	GlobalSection(ExtensibilityGlobals) = postSolution
		SolutionGuid = {32459292-0CDF-4FB7-AF65-6A5007CDCD49}
	EndGlobalSection
EndGlobal
